<?xml version="1.0" encoding="utf-8"?>
<Project ToolsVersion="4.0" xmlns="http://schemas.microsoft.com/developer/msbuild/2003">
  <ItemGroup>
    <ClCompile Include="Effect.cpp">
      <Filter>源文件</Filter>
    </ClCompile>
    <ClCompile Include="Factories.cpp">
      <Filter>源文件</Filter>
    </ClCompile>
    <ClCompile Include="Map.cpp">
      <Filter>源文件</Filter>
    </ClCompile>
    <ClCompile Include="Gaara.cpp">
      <Filter>源文件\Gaara</Filter>
    </ClCompile>
    <ClCompile Include="GaaraCombat.cpp">
      <Filter>源文件\Gaara</Filter>
    </ClCompile>
    <ClCompile Include="GaaraEffect.cpp">
      <Filter>源文件\Gaara</Filter>
    </ClCompile>
    <ClCompile Include="GaaraKeySet.cpp">
      <Filter>源文件\Gaara</Filter>
    </ClCompile>
    <ClCompile Include="GaaraUpdate.cpp">
      <Filter>源文件\Gaara</Filter>
    </ClCompile>
    <ClCompile Include="NarutoS.cpp">
      <Filter>源文件\NarutoS</Filter>
    </ClCompile>
    <ClCompile Include="NarutoSCombat.cpp">
      <Filter>源文件\NarutoS</Filter>
    </ClCompile>
    <ClCompile Include="NarutoSEffect.cpp">
      <Filter>源文件\NarutoS</Filter>
    </ClCompile>
    <ClCompile Include="NarutoSKeySet.cpp">
      <Filter>源文件\NarutoS</Filter>
    </ClCompile>
    <ClCompile Include="NarutoSUpdate.cpp">
      <Filter>源文件\NarutoS</Filter>
    </ClCompile>
    <ClCompile Include="Game.cpp">
      <Filter>源文件\Game</Filter>
    </ClCompile>
    <ClCompile Include="StartUI.cpp">
      <Filter>源文件\Game</Filter>
    </ClCompile>
    <ClCompile Include="main.cpp">
      <Filter>源文件\Game</Filter>
    </ClCompile>
    <ClCompile Include="CameraShake.cpp">
      <Filter>源文件\Game</Filter>
    </ClCompile>
    <ClCompile Include="CharacterCombat.cpp">
      <Filter>源文件\Character</Filter>
    </ClCompile>
    <ClCompile Include="CharacterOp.cpp">
      <Filter>源文件\Character</Filter>
    </ClCompile>
    <ClCompile Include="CharacterUI.cpp">
      <Filter>源文件\Character</Filter>
    </ClCompile>
    <ClCompile Include="CharacterUpdate.cpp">
      <Filter>源文件\Character</Filter>
    </ClCompile>
    <ClCompile Include="Pause.cpp">
      <Filter>源文件\Game</Filter>
    </ClCompile>
    <ClCompile Include="Controller.cpp">
      <Filter>源文件\Controller</Filter>
    </ClCompile>
    <ClCompile Include="GameAudio.cpp">
      <Filter>源文件\Game</Filter>
    </ClCompile>
    <ClCompile Include="keyMap.cpp" />
  </ItemGroup>
  <ItemGroup>
    <ClInclude Include="CameraShake.h">
      <Filter>头文件</Filter>
    </ClInclude>
    <ClInclude Include="Character.h">
      <Filter>头文件</Filter>
    </ClInclude>
    <ClInclude Include="CharacterUI.h">
      <Filter>头文件</Filter>
    </ClInclude>
    <ClInclude Include="Constants.h">
      <Filter>头文件</Filter>
    </ClInclude>
    <ClInclude Include="Controller.h">
      <Filter>头文件</Filter>
    </ClInclude>
    <ClInclude Include="Effect.h">
      <Filter>头文件</Filter>
    </ClInclude>
    <ClInclude Include="Enums.h">
      <Filter>头文件</Filter>
    </ClInclude>
    <ClInclude Include="Gaara.h">
      <Filter>头文件</Filter>
    </ClInclude>
    <ClInclude Include="Factories.h">
      <Filter>头文件</Filter>
    </ClInclude>
    <ClInclude Include="Game.h">
      <Filter>头文件</Filter>
    </ClInclude>
    <ClInclude Include="Map.h">
      <Filter>头文件</Filter>
    </ClInclude>
    <ClInclude Include="NarutoS.h">
      <Filter>头文件</Filter>
    </ClInclude>
    <ClInclude Include="Pause.h">
      <Filter>头文件</Filter>
    </ClInclude>
    <ClInclude Include="GameAudio.h">
      <Filter>头文件</Filter>
    </ClInclude>
    <ClInclude Include="keyMap.h" />
  </ItemGroup>
  <ItemGroup>
    <Image Include="access\bg.png" />
    <Image Include="access\building.png" />
  </ItemGroup>
  <ItemGroup>
    <Filter Include="头文件">
      <UniqueIdentifier>{e4554879-303f-4402-bd22-ae5f1f5e84e6}</UniqueIdentifier>
    </Filter>
    <Filter Include="源文件">
      <UniqueIdentifier>{580203fb-8d1f-420e-bab1-d9b45c6761a5}</UniqueIdentifier>
    </Filter>
    <Filter Include="源文件\Gaara">
      <UniqueIdentifier>{caf2dd62-5bd9-472c-bbac-2122d59a7aaa}</UniqueIdentifier>
    </Filter>
    <Filter Include="源文件\NarutoS">
      <UniqueIdentifier>{2807d426-2733-4f8e-8938-257d7fbe6176}</UniqueIdentifier>
    </Filter>
    <Filter Include="源文件\Game">
      <UniqueIdentifier>{d932a9ad-20d4-45e2-b06f-736bd23896af}</UniqueIdentifier>
    </Filter>
    <Filter Include="源文件\Character">
      <UniqueIdentifier>{69e152de-4f65-4a05-8667-b669fcc4fdf1}</UniqueIdentifier>
    </Filter>
    <Filter Include="源文件\Controller">
      <UniqueIdentifier>{364e4b41-af24-4309-8b4c-53db31267890}</UniqueIdentifier>
    </Filter>
  </ItemGroup>
</Project>